
Microsoft Visual Studio Solution File, Format Version 12.00
# Visual Studio Version 16
VisualStudioVersion = 16.0.31410.357
MinimumVisualStudioVersion = 10.0.40219.1
Project("{FAE04EC0-301F-11D3-BF4B-00C04F79EFBC}") = "Task02", "Task02\Task02.csproj", "{1DEA6D8D-75AA-4BEC-A200-2CC11344BB44}"
EndProject
Global
	GlobalSection(SolutionConfigurationPlatforms) = preSolution
		Debug|Any CPU = Debug|Any CPU
		Release|Any CPU = Release|Any CPU
	EndGlobalSection
	GlobalSection(ProjectConfigurationPlatforms) = postSolution
		{1DEA6D8D-75AA-4BEC-A200-2CC11344BB44}.Debug|Any CPU.ActiveCfg = Debug|Any CPU
		{1DEA6D8D-75AA-4BEC-A200-2CC11344BB44}.Debug|Any CPU.Build.0 = Debug|Any CPU
		{1DEA6D8D-75AA-4BEC-A200-2CC11344BB44}.Release|Any CPU.ActiveCfg = Release|Any CPU
		{1DEA6D8D-75AA-4BEC-A200-2CC11344BB44}.Release|Any CPU.Build.0 = Release|Any CPU
	EndGlobalSection
	GlobalSection(SolutionProperties) = preSolution
		HideSolutionNode = FALSE
	EndGlobalSection
	GlobalSection(ExtensibilityGlobals) = postSolution
		SolutionGuid = {0590593B-3A3E-45C9-9368-7B969E1ABA6D}
	EndGlobalSection
EndGlobal
