
Microsoft Visual Studio Solution File, Format Version 12.00
# Visual Studio Version 16
VisualStudioVersion = 16.0.31424.327
MinimumVisualStudioVersion = 10.0.40219.1
Project("{FAE04EC0-301F-11D3-BF4B-00C04F79EFBC}") = "Task01", "Task01\Task01.csproj", "{63D6140E-1C31-4E3B-B971-DC68C8D4305F}"
EndProject
Global
	GlobalSection(SolutionConfigurationPlatforms) = preSolution
		Debug|Any CPU = Debug|Any CPU
		Release|Any CPU = Release|Any CPU
	EndGlobalSection
	GlobalSection(ProjectConfigurationPlatforms) = postSolution
		{63D6140E-1C31-4E3B-B971-DC68C8D4305F}.Debug|Any CPU.ActiveCfg = Debug|Any CPU
		{63D6140E-1C31-4E3B-B971-DC68C8D4305F}.Debug|Any CPU.Build.0 = Debug|Any CPU
		{63D6140E-1C31-4E3B-B971-DC68C8D4305F}.Release|Any CPU.ActiveCfg = Release|Any CPU
		{63D6140E-1C31-4E3B-B971-DC68C8D4305F}.Release|Any CPU.Build.0 = Release|Any CPU
	EndGlobalSection
	GlobalSection(SolutionProperties) = preSolution
		HideSolutionNode = FALSE
	EndGlobalSection
	GlobalSection(ExtensibilityGlobals) = postSolution
		SolutionGuid = {6950677A-80BB-44A7-9B16-8F5E9D681851}
	EndGlobalSection
EndGlobal
