
Microsoft Visual Studio Solution File, Format Version 12.00
# Visual Studio Version 16
VisualStudioVersion = 16.0.31410.357
MinimumVisualStudioVersion = 10.0.40219.1
Project("{FAE04EC0-301F-11D3-BF4B-00C04F79EFBC}") = "Task03", "Task03\Task03.csproj", "{280468DC-73D4-40B0-8E81-0318F3FFAEDE}"
EndProject
Global
	GlobalSection(SolutionConfigurationPlatforms) = preSolution
		Debug|Any CPU = Debug|Any CPU
		Release|Any CPU = Release|Any CPU
	EndGlobalSection
	GlobalSection(ProjectConfigurationPlatforms) = postSolution
		{280468DC-73D4-40B0-8E81-0318F3FFAEDE}.Debug|Any CPU.ActiveCfg = Debug|Any CPU
		{280468DC-73D4-40B0-8E81-0318F3FFAEDE}.Debug|Any CPU.Build.0 = Debug|Any CPU
		{280468DC-73D4-40B0-8E81-0318F3FFAEDE}.Release|Any CPU.ActiveCfg = Release|Any CPU
		{280468DC-73D4-40B0-8E81-0318F3FFAEDE}.Release|Any CPU.Build.0 = Release|Any CPU
	EndGlobalSection
	GlobalSection(SolutionProperties) = preSolution
		HideSolutionNode = FALSE
	EndGlobalSection
	GlobalSection(ExtensibilityGlobals) = postSolution
		SolutionGuid = {6E50FE3C-DE8F-40FF-A35B-F206C1F730AB}
	EndGlobalSection
EndGlobal
