
Microsoft Visual Studio Solution File, Format Version 12.00
# Visual Studio Version 16
VisualStudioVersion = 16.0.31424.327
MinimumVisualStudioVersion = 10.0.40219.1
Project("{FAE04EC0-301F-11D3-BF4B-00C04F79EFBC}") = "Task 02", "Task 02\Task 02.csproj", "{361E2955-2700-4634-8081-78F4331A7B7E}"
EndProject
Global
	GlobalSection(SolutionConfigurationPlatforms) = preSolution
		Debug|Any CPU = Debug|Any CPU
		Release|Any CPU = Release|Any CPU
	EndGlobalSection
	GlobalSection(ProjectConfigurationPlatforms) = postSolution
		{361E2955-2700-4634-8081-78F4331A7B7E}.Debug|Any CPU.ActiveCfg = Debug|Any CPU
		{361E2955-2700-4634-8081-78F4331A7B7E}.Debug|Any CPU.Build.0 = Debug|Any CPU
		{361E2955-2700-4634-8081-78F4331A7B7E}.Release|Any CPU.ActiveCfg = Release|Any CPU
		{361E2955-2700-4634-8081-78F4331A7B7E}.Release|Any CPU.Build.0 = Release|Any CPU
	EndGlobalSection
	GlobalSection(SolutionProperties) = preSolution
		HideSolutionNode = FALSE
	EndGlobalSection
	GlobalSection(ExtensibilityGlobals) = postSolution
		SolutionGuid = {F5216706-659A-46B1-922E-F1C8C76871A0}
	EndGlobalSection
EndGlobal
